{
  "name": "test-npm-pkg",
  "version": "1.0.0",
  "lockfileVersion": 1,
  "requires": true,
  "dependencies": {
    "ak-es-test": {
      "version": "1.0.18",
      "resolved": "https://registry-staging.npm.red/ak-es-test/-/ak-es-test-1.0.18.tgz",
      "integrity": "sha512-r6gnnEG4aj8z+sIMZa3NPquTM3ONc3WzwOlAk3n26gJlKCna7pNx7+5CyYa2cGtPenGP6SbiQr6vyaHKuW0/SA==",
      "requires": {
        "spradh-test-pack": "^1.0.15"
      }
    },
    "spradh-test-pack": {
      "version": "1.0.15",
      "resolved": "https://registry-staging.npm.red/spradh-test-pack/-/spradh-test-pack-1.0.15.tgz",
      "integrity": "sha512-ewjDzOi+lhpphtiiXkls1ty5y+/1e2OuSkn8iBA+1TD6akTJAyqW8ghiTIZc+rWQYcw82cbHxcYYPEWmV41zQA=="
    }
  }
}
